
Microsoft Visual Studio Solution File, Format Version 12.00
# Visual Studio Version 16
VisualStudioVersion = 16.0.31727.386
MinimumVisualStudioVersion = 10.0.40219.1
Project("{FAE04EC0-301F-11D3-BF4B-00C04F79EFBC}") = "RTTTL Converter", "RTTTL Converter.csproj", "{EDAD034E-27C0-4E60-B7AC-807F0CA857F3}"
EndProject
Global
	GlobalSection(SolutionConfigurationPlatforms) = preSolution
		Debug|Any CPU = Debug|Any CPU
		Release|Any CPU = Release|Any CPU
	EndGlobalSection
	GlobalSection(ProjectConfigurationPlatforms) = postSolution
		{EDAD034E-27C0-4E60-B7AC-807F0CA857F3}.Debug|Any CPU.ActiveCfg = Debug|Any CPU
		{EDAD034E-27C0-4E60-B7AC-807F0CA857F3}.Debug|Any CPU.Build.0 = Debug|Any CPU
		{EDAD034E-27C0-4E60-B7AC-807F0CA857F3}.Release|Any CPU.ActiveCfg = Release|Any CPU
		{EDAD034E-27C0-4E60-B7AC-807F0CA857F3}.Release|Any CPU.Build.0 = Release|Any CPU
	EndGlobalSection
	GlobalSection(SolutionProperties) = preSolution
		HideSolutionNode = FALSE
	EndGlobalSection
	GlobalSection(ExtensibilityGlobals) = postSolution
		SolutionGuid = {88102F7D-C321-4BEF-BA06-32D3920B541C}
	EndGlobalSection
EndGlobal
